<?xml version="1.0" encoding="utf-8"?>
<Project ToolsVersion="4.0" xmlns="http://schemas.microsoft.com/developer/msbuild/2003">
  <ItemGroup>
    <Filter Include="ソース ファイル">
      <UniqueIdentifier>{4FC737F1-C7A5-4376-A066-2A32D752A2FF}</UniqueIdentifier>
      <Extensions>cpp;c;cc;cxx;def;odl;idl;hpj;bat;asm;asmx</Extensions>
    </Filter>
    <Filter Include="ヘッダー ファイル">
      <UniqueIdentifier>{93995380-89BD-4b04-88EB-625FBE52EBFB}</UniqueIdentifier>
      <Extensions>h;hh;hpp;hxx;hm;inl;inc;xsd</Extensions>
    </Filter>
    <Filter Include="リソース ファイル">
      <UniqueIdentifier>{67DA6AB6-F800-4c08-8B7A-83BB121AAD01}</UniqueIdentifier>
      <Extensions>rc;ico;cur;bmp;dlg;rc2;rct;bin;rgs;gif;jpg;jpeg;jpe;resx;tiff;tif;png;wav;mfcribbon-ms</Extensions>
    </Filter>
    <Filter Include="ソース ファイル\RBM">
      <UniqueIdentifier>{78523649-9f0a-4533-a9af-97b2d18b5089}</UniqueIdentifier>
    </Filter>
    <Filter Include="ヘッダー ファイル\RBM">
      <UniqueIdentifier>{f1316b68-d768-46d3-80ea-e10dafbc969c}</UniqueIdentifier>
    </Filter>
    <Filter Include="ソース ファイル\GeneralizedRBM">
      <UniqueIdentifier>{42802727-228e-4e51-9fd5-4b67717f9c8b}</UniqueIdentifier>
    </Filter>
    <Filter Include="ヘッダー ファイル\GeneralizedRBM">
      <UniqueIdentifier>{7b37cbe0-f946-4c7f-8518-d70ea80dc264}</UniqueIdentifier>
    </Filter>
    <Filter Include="ソース ファイル\Common">
      <UniqueIdentifier>{601ea150-c2eb-4ad1-945a-29fbd55aef5e}</UniqueIdentifier>
    </Filter>
    <Filter Include="ヘッダー ファイル\Common">
      <UniqueIdentifier>{6c52e9ab-3d48-4271-b01a-8886de8a00c9}</UniqueIdentifier>
    </Filter>
    <Filter Include="ソース ファイル\RBMBase">
      <UniqueIdentifier>{fe50a1a7-7eea-42da-8972-a53f7151367b}</UniqueIdentifier>
    </Filter>
    <Filter Include="ヘッダー ファイル\RBMBase">
      <UniqueIdentifier>{6bbd5112-1bc3-4142-bb80-47fe93fdd215}</UniqueIdentifier>
    </Filter>
    <Filter Include="ソース ファイル\GBRBM">
      <UniqueIdentifier>{ba446b49-5153-49fe-82dd-8f4b2c5082de}</UniqueIdentifier>
    </Filter>
    <Filter Include="ヘッダー ファイル\GBRBM">
      <UniqueIdentifier>{c7a6c08a-c1ab-4a06-884c-ea16135a75c1}</UniqueIdentifier>
    </Filter>
    <Filter Include="ソース ファイル\GeneralizedGRBM">
      <UniqueIdentifier>{8097b9be-74fc-4145-93bb-6ade05b185d5}</UniqueIdentifier>
    </Filter>
    <Filter Include="ヘッダー ファイル\GeneralizedGRBM">
      <UniqueIdentifier>{9ee5976a-263f-48f7-a102-bb11590cf4d4}</UniqueIdentifier>
    </Filter>
  </ItemGroup>
  <ItemGroup>
    <ClInclude Include="RBM.h">
      <Filter>ヘッダー ファイル\RBM</Filter>
    </ClInclude>
    <ClInclude Include="RBMNode.h">
      <Filter>ヘッダー ファイル\RBM</Filter>
    </ClInclude>
    <ClInclude Include="RBMParamator.h">
      <Filter>ヘッダー ファイル\RBM</Filter>
    </ClInclude>
    <ClInclude Include="RBMSampler.h">
      <Filter>ヘッダー ファイル\RBM</Filter>
    </ClInclude>
    <ClInclude Include="RBMTrainer.h">
      <Filter>ヘッダー ファイル\RBM</Filter>
    </ClInclude>
    <ClInclude Include="RBMMath.h">
      <Filter>ヘッダー ファイル\Common</Filter>
    </ClInclude>
    <ClInclude Include="RBMBase.h">
      <Filter>ヘッダー ファイル\RBMBase</Filter>
    </ClInclude>
    <ClInclude Include="RBMNodeBase.h">
      <Filter>ヘッダー ファイル\RBMBase</Filter>
    </ClInclude>
    <ClInclude Include="RBMParamatorBase.h">
      <Filter>ヘッダー ファイル\RBMBase</Filter>
    </ClInclude>
    <ClInclude Include="RBMSamplerBase.h">
      <Filter>ヘッダー ファイル\RBMBase</Filter>
    </ClInclude>
    <ClInclude Include="RBMTrainerBase.h">
      <Filter>ヘッダー ファイル\RBMBase</Filter>
    </ClInclude>
    <ClInclude Include="GeneralizedRBM.h">
      <Filter>ヘッダー ファイル\GeneralizedRBM</Filter>
    </ClInclude>
    <ClInclude Include="GeneralizedRBMNode.h">
      <Filter>ヘッダー ファイル\GeneralizedRBM</Filter>
    </ClInclude>
    <ClInclude Include="GeneralizedRBMParamator.h">
      <Filter>ヘッダー ファイル\GeneralizedRBM</Filter>
    </ClInclude>
    <ClInclude Include="GeneralizedRBMSampler.h">
      <Filter>ヘッダー ファイル\GeneralizedRBM</Filter>
    </ClInclude>
    <ClInclude Include="GeneralizedRBMTrainer.h">
      <Filter>ヘッダー ファイル\GeneralizedRBM</Filter>
    </ClInclude>
    <ClInclude Include="GBRBM.h">
      <Filter>ヘッダー ファイル\GBRBM</Filter>
    </ClInclude>
    <ClInclude Include="GBRBMNode.h">
      <Filter>ヘッダー ファイル\GBRBM</Filter>
    </ClInclude>
    <ClInclude Include="GBRBMParamator.h">
      <Filter>ヘッダー ファイル\GBRBM</Filter>
    </ClInclude>
    <ClInclude Include="GBRBMSampler.h">
      <Filter>ヘッダー ファイル\GBRBM</Filter>
    </ClInclude>
    <ClInclude Include="GBRBMTrainer.h">
      <Filter>ヘッダー ファイル\GBRBM</Filter>
    </ClInclude>
    <ClInclude Include="GeneralizedGRBM.h">
      <Filter>ヘッダー ファイル\GeneralizedGRBM</Filter>
    </ClInclude>
    <ClInclude Include="GeneralizedGRBMNode.h">
      <Filter>ヘッダー ファイル\GeneralizedGRBM</Filter>
    </ClInclude>
    <ClInclude Include="GeneralizedGRBMParamator.h">
      <Filter>ヘッダー ファイル\GeneralizedGRBM</Filter>
    </ClInclude>
    <ClInclude Include="GeneralizedGRBMSampler.h">
      <Filter>ヘッダー ファイル\GeneralizedGRBM</Filter>
    </ClInclude>
    <ClInclude Include="GeneralizedGRBMTrainer.h">
      <Filter>ヘッダー ファイル\GeneralizedGRBM</Filter>
    </ClInclude>
  </ItemGroup>
  <ItemGroup>
    <ClCompile Include="RBM.cpp">
      <Filter>ソース ファイル\RBM</Filter>
    </ClCompile>
    <ClCompile Include="RBMNode.cpp">
      <Filter>ソース ファイル\RBM</Filter>
    </ClCompile>
    <ClCompile Include="RBMParamator.cpp">
      <Filter>ソース ファイル\RBM</Filter>
    </ClCompile>
    <ClCompile Include="RBMSampler.cpp">
      <Filter>ソース ファイル\RBM</Filter>
    </ClCompile>
    <ClCompile Include="RBMTrainer.cpp">
      <Filter>ソース ファイル\RBM</Filter>
    </ClCompile>
    <ClCompile Include="RBMMath.cpp">
      <Filter>ソース ファイル\Common</Filter>
    </ClCompile>
    <ClCompile Include="GeneralizedRBM.cpp">
      <Filter>ソース ファイル\GeneralizedRBM</Filter>
    </ClCompile>
    <ClCompile Include="GeneralizedRBMNode.cpp">
      <Filter>ソース ファイル\GeneralizedRBM</Filter>
    </ClCompile>
    <ClCompile Include="GeneralizedRBMParamator.cpp">
      <Filter>ソース ファイル\GeneralizedRBM</Filter>
    </ClCompile>
    <ClCompile Include="GeneralizedRBMSampler.cpp">
      <Filter>ソース ファイル\GeneralizedRBM</Filter>
    </ClCompile>
    <ClCompile Include="GeneralizedRBMTrainer.cpp">
      <Filter>ソース ファイル\GeneralizedRBM</Filter>
    </ClCompile>
    <ClCompile Include="GBRBM.cpp">
      <Filter>ソース ファイル\GBRBM</Filter>
    </ClCompile>
    <ClCompile Include="GBRBMNode.cpp">
      <Filter>ソース ファイル\GBRBM</Filter>
    </ClCompile>
    <ClCompile Include="GBRBMParamator.cpp">
      <Filter>ソース ファイル\GBRBM</Filter>
    </ClCompile>
    <ClCompile Include="GBRBMSampler.cpp">
      <Filter>ソース ファイル\GBRBM</Filter>
    </ClCompile>
    <ClCompile Include="GBRBMTrainer.cpp">
      <Filter>ソース ファイル\GBRBM</Filter>
    </ClCompile>
    <ClCompile Include="GeneralizedGRBM.cpp">
      <Filter>ソース ファイル\GeneralizedGRBM</Filter>
    </ClCompile>
    <ClCompile Include="GeneralizedGRBMNode.cpp">
      <Filter>ソース ファイル\GeneralizedGRBM</Filter>
    </ClCompile>
    <ClCompile Include="GeneralizedGRBMParamator.cpp">
      <Filter>ソース ファイル\GeneralizedGRBM</Filter>
    </ClCompile>
    <ClCompile Include="GeneralizedGRBMSampler.cpp">
      <Filter>ソース ファイル\GeneralizedGRBM</Filter>
    </ClCompile>
    <ClCompile Include="GeneralizedGRBMTrainer.cpp">
      <Filter>ソース ファイル\GeneralizedGRBM</Filter>
    </ClCompile>
  </ItemGroup>
</Project>