<?xml version="1.0" encoding="utf-8"?>
<Project ToolsVersion="4.0" xmlns="http://schemas.microsoft.com/developer/msbuild/2003">
  <ItemGroup>
    <Filter Include="ソース ファイル">
      <UniqueIdentifier>{4FC737F1-C7A5-4376-A066-2A32D752A2FF}</UniqueIdentifier>
      <Extensions>cpp;c;cc;cxx;def;odl;idl;hpj;bat;asm;asmx</Extensions>
    </Filter>
    <Filter Include="ヘッダー ファイル">
      <UniqueIdentifier>{93995380-89BD-4b04-88EB-625FBE52EBFB}</UniqueIdentifier>
      <Extensions>h;hh;hpp;hxx;hm;inl;inc;xsd</Extensions>
    </Filter>
    <Filter Include="リソース ファイル">
      <UniqueIdentifier>{67DA6AB6-F800-4c08-8B7A-83BB121AAD01}</UniqueIdentifier>
      <Extensions>rc;ico;cur;bmp;dlg;rc2;rct;bin;rgs;gif;jpg;jpeg;jpe;resx;tiff;tif;png;wav;mfcribbon-ms</Extensions>
    </Filter>
    <Filter Include="ヘッダー ファイル\RBM">
      <UniqueIdentifier>{f1316b68-d768-46d3-80ea-e10dafbc969c}</UniqueIdentifier>
    </Filter>
    <Filter Include="ヘッダー ファイル\GeneralizedRBM">
      <UniqueIdentifier>{7b37cbe0-f946-4c7f-8518-d70ea80dc264}</UniqueIdentifier>
    </Filter>
    <Filter Include="ソース ファイル\Common">
      <UniqueIdentifier>{601ea150-c2eb-4ad1-945a-29fbd55aef5e}</UniqueIdentifier>
    </Filter>
    <Filter Include="ヘッダー ファイル\Common">
      <UniqueIdentifier>{6c52e9ab-3d48-4271-b01a-8886de8a00c9}</UniqueIdentifier>
    </Filter>
    <Filter Include="ヘッダー ファイル\GBRBM">
      <UniqueIdentifier>{c7a6c08a-c1ab-4a06-884c-ea16135a75c1}</UniqueIdentifier>
    </Filter>
    <Filter Include="ヘッダー ファイル\GeneralizedGRBM">
      <UniqueIdentifier>{9ee5976a-263f-48f7-a102-bb11590cf4d4}</UniqueIdentifier>
    </Filter>
    <Filter Include="ヘッダー ファイル\GeneralizedSparseRBM">
      <UniqueIdentifier>{77cb8611-10ef-41c6-89ed-5a5d8014497a}</UniqueIdentifier>
    </Filter>
    <Filter Include="ヘッダー ファイル\RBMBase">
      <UniqueIdentifier>{997bf63f-3d34-452a-bb35-1c3057aa81d3}</UniqueIdentifier>
    </Filter>
    <Filter Include="ソース ファイル\GBRBM">
      <UniqueIdentifier>{baa34b8a-4436-451a-8e84-b65b1f84d2aa}</UniqueIdentifier>
    </Filter>
    <Filter Include="ソース ファイル\GeneralizedGRBM">
      <UniqueIdentifier>{96e28235-4bbc-4822-aed3-0e486be92c7d}</UniqueIdentifier>
    </Filter>
    <Filter Include="ソース ファイル\GeneraliedRBM">
      <UniqueIdentifier>{e6523759-d3b8-4ed0-8027-392f7dd7cf78}</UniqueIdentifier>
    </Filter>
    <Filter Include="ソース ファイル\GeneralizedSparseRBM">
      <UniqueIdentifier>{6a08454b-7425-47c1-9398-26d6f3ed0b5f}</UniqueIdentifier>
    </Filter>
    <Filter Include="ソース ファイル\RBM">
      <UniqueIdentifier>{a840c284-8624-441c-8dd2-80356b89b7fe}</UniqueIdentifier>
    </Filter>
  </ItemGroup>
  <ItemGroup>
    <ClInclude Include="RBMMath.h">
      <Filter>ヘッダー ファイル\Common</Filter>
    </ClInclude>
    <ClInclude Include="StateCounter.h">
      <Filter>ヘッダー ファイル\Common</Filter>
    </ClInclude>
    <ClInclude Include="rbmutil.h">
      <Filter>ヘッダー ファイル\Common</Filter>
    </ClInclude>
    <ClInclude Include="RBMCore.h">
      <Filter>ヘッダー ファイル\Common</Filter>
    </ClInclude>
    <ClInclude Include="Trainer.h">
      <Filter>ヘッダー ファイル\Common</Filter>
    </ClInclude>
    <ClInclude Include="GBRBM\GBRBM.h">
      <Filter>ヘッダー ファイル\GBRBM</Filter>
    </ClInclude>
    <ClInclude Include="GBRBM\GBRBMNode.h">
      <Filter>ヘッダー ファイル\GBRBM</Filter>
    </ClInclude>
    <ClInclude Include="GBRBM\GBRBMParamator.h">
      <Filter>ヘッダー ファイル\GBRBM</Filter>
    </ClInclude>
    <ClInclude Include="GBRBM\GBRBMSampler.h">
      <Filter>ヘッダー ファイル\GBRBM</Filter>
    </ClInclude>
    <ClInclude Include="GBRBM\GBRBMTrainer.h">
      <Filter>ヘッダー ファイル\GBRBM</Filter>
    </ClInclude>
    <ClInclude Include="GeneralizedGRBM\GeneralizedGRBM.h">
      <Filter>ヘッダー ファイル\GeneralizedGRBM</Filter>
    </ClInclude>
    <ClInclude Include="GeneralizedGRBM\GeneralizedGRBMNode.h">
      <Filter>ヘッダー ファイル\GeneralizedGRBM</Filter>
    </ClInclude>
    <ClInclude Include="GeneralizedGRBM\GeneralizedGRBMParamator.h">
      <Filter>ヘッダー ファイル\GeneralizedGRBM</Filter>
    </ClInclude>
    <ClInclude Include="GeneralizedGRBM\GeneralizedGRBMSampler.h">
      <Filter>ヘッダー ファイル\GeneralizedGRBM</Filter>
    </ClInclude>
    <ClInclude Include="GeneralizedGRBM\GeneralizedGRBMTrainer.h">
      <Filter>ヘッダー ファイル\GeneralizedGRBM</Filter>
    </ClInclude>
    <ClInclude Include="GeneralizedRBM\GeneralizedRBM.h">
      <Filter>ヘッダー ファイル\GeneralizedRBM</Filter>
    </ClInclude>
    <ClInclude Include="GeneralizedRBM\GeneralizedRBMNode.h">
      <Filter>ヘッダー ファイル\GeneralizedRBM</Filter>
    </ClInclude>
    <ClInclude Include="GeneralizedRBM\GeneralizedRBMParamator.h">
      <Filter>ヘッダー ファイル\GeneralizedRBM</Filter>
    </ClInclude>
    <ClInclude Include="GeneralizedRBM\GeneralizedRBMSampler.h">
      <Filter>ヘッダー ファイル\GeneralizedRBM</Filter>
    </ClInclude>
    <ClInclude Include="GeneralizedRBM\GeneralizedRBMTrainer.h">
      <Filter>ヘッダー ファイル\GeneralizedRBM</Filter>
    </ClInclude>
    <ClInclude Include="GeneralizedSparseRBM\GeneralizedSparseRBM.h">
      <Filter>ヘッダー ファイル\GeneralizedSparseRBM</Filter>
    </ClInclude>
    <ClInclude Include="GeneralizedSparseRBM\GeneralizedSparseRBMNode.h">
      <Filter>ヘッダー ファイル\GeneralizedSparseRBM</Filter>
    </ClInclude>
    <ClInclude Include="GeneralizedSparseRBM\GeneralizedSparseRBMParamator.h">
      <Filter>ヘッダー ファイル\GeneralizedSparseRBM</Filter>
    </ClInclude>
    <ClInclude Include="GeneralizedSparseRBM\GeneralizedSparseRBMSampler.h">
      <Filter>ヘッダー ファイル\GeneralizedSparseRBM</Filter>
    </ClInclude>
    <ClInclude Include="GeneralizedSparseRBM\GeneralizedSparseRBMTrainer.h">
      <Filter>ヘッダー ファイル\GeneralizedSparseRBM</Filter>
    </ClInclude>
    <ClInclude Include="Sampler.h">
      <Filter>ヘッダー ファイル\Common</Filter>
    </ClInclude>
    <ClInclude Include="RBM\RBM.h">
      <Filter>ヘッダー ファイル\RBM</Filter>
    </ClInclude>
    <ClInclude Include="RBM\RBMNode.h">
      <Filter>ヘッダー ファイル\RBM</Filter>
    </ClInclude>
    <ClInclude Include="RBM\RBMParamator.h">
      <Filter>ヘッダー ファイル\RBM</Filter>
    </ClInclude>
    <ClInclude Include="RBM\RBMSampler.h">
      <Filter>ヘッダー ファイル\RBM</Filter>
    </ClInclude>
    <ClInclude Include="RBM\RBMTrainer.h">
      <Filter>ヘッダー ファイル\RBM</Filter>
    </ClInclude>
    <ClInclude Include="RBMBase.h">
      <Filter>ヘッダー ファイル\RBMBase</Filter>
    </ClInclude>
    <ClInclude Include="RBMNodeBase.h">
      <Filter>ヘッダー ファイル\RBMBase</Filter>
    </ClInclude>
    <ClInclude Include="RBMParamatorBase.h">
      <Filter>ヘッダー ファイル\RBMBase</Filter>
    </ClInclude>
    <ClInclude Include="Optimizer.h">
      <Filter>ヘッダー ファイル\Common</Filter>
    </ClInclude>
    <ClInclude Include="GeneralizedRBM\GeneralizedRBMOptimizer.h">
      <Filter>ヘッダー ファイル\GeneralizedRBM</Filter>
    </ClInclude>
    <ClInclude Include="GeneralizedSparseRBM\GeneralizedSparseRBMOptimizer.h">
      <Filter>ヘッダー ファイル\GeneralizedSparseRBM</Filter>
    </ClInclude>
  </ItemGroup>
  <ItemGroup>
    <ClCompile Include="RBMMath.cpp">
      <Filter>ソース ファイル\Common</Filter>
    </ClCompile>
    <ClCompile Include="GBRBM\GBRBM.cpp">
      <Filter>ソース ファイル\GBRBM</Filter>
    </ClCompile>
    <ClCompile Include="GBRBM\GBRBMNode.cpp">
      <Filter>ソース ファイル\GBRBM</Filter>
    </ClCompile>
    <ClCompile Include="GBRBM\GBRBMParamator.cpp">
      <Filter>ソース ファイル\GBRBM</Filter>
    </ClCompile>
    <ClCompile Include="GeneralizedGRBM\GeneralizedGRBM.cpp">
      <Filter>ソース ファイル\GeneralizedGRBM</Filter>
    </ClCompile>
    <ClCompile Include="GeneralizedGRBM\GeneralizedGRBMNode.cpp">
      <Filter>ソース ファイル\GeneralizedGRBM</Filter>
    </ClCompile>
    <ClCompile Include="GeneralizedGRBM\GeneralizedGRBMParamator.cpp">
      <Filter>ソース ファイル\GeneralizedGRBM</Filter>
    </ClCompile>
    <ClCompile Include="GeneralizedGRBM\GeneralizedGRBMSampler.cpp">
      <Filter>ソース ファイル\GeneralizedGRBM</Filter>
    </ClCompile>
    <ClCompile Include="GeneralizedGRBM\GeneralizedGRBMTrainer.cpp">
      <Filter>ソース ファイル\GeneralizedGRBM</Filter>
    </ClCompile>
    <ClCompile Include="GeneralizedRBM\GeneralizedRBM.cpp">
      <Filter>ソース ファイル\GeneraliedRBM</Filter>
    </ClCompile>
    <ClCompile Include="GeneralizedRBM\GeneralizedRBMNode.cpp">
      <Filter>ソース ファイル\GeneraliedRBM</Filter>
    </ClCompile>
    <ClCompile Include="GeneralizedRBM\GeneralizedRBMParamator.cpp">
      <Filter>ソース ファイル\GeneraliedRBM</Filter>
    </ClCompile>
    <ClCompile Include="GeneralizedRBM\GeneralizedRBMSampler.cpp">
      <Filter>ソース ファイル\GeneraliedRBM</Filter>
    </ClCompile>
    <ClCompile Include="GeneralizedRBM\GeneralizedRBMTrainer.cpp">
      <Filter>ソース ファイル\GeneraliedRBM</Filter>
    </ClCompile>
    <ClCompile Include="GeneralizedSparseRBM\GeneralizedSparseRBM.cpp">
      <Filter>ソース ファイル\GeneralizedSparseRBM</Filter>
    </ClCompile>
    <ClCompile Include="GeneralizedSparseRBM\GeneralizedSparseRBMNode.cpp">
      <Filter>ソース ファイル\GeneralizedSparseRBM</Filter>
    </ClCompile>
    <ClCompile Include="GeneralizedSparseRBM\GeneralizedSparseRBMParamator.cpp">
      <Filter>ソース ファイル\GeneralizedSparseRBM</Filter>
    </ClCompile>
    <ClCompile Include="GeneralizedSparseRBM\GeneralizedSparseRBMSampler.cpp">
      <Filter>ソース ファイル\GeneralizedSparseRBM</Filter>
    </ClCompile>
    <ClCompile Include="GeneralizedSparseRBM\GeneralizedSparseRBMTrainer.cpp">
      <Filter>ソース ファイル\GeneralizedSparseRBM</Filter>
    </ClCompile>
    <ClCompile Include="RBM\RBM.cpp">
      <Filter>ソース ファイル\RBM</Filter>
    </ClCompile>
    <ClCompile Include="RBM\RBMNode.cpp">
      <Filter>ソース ファイル\RBM</Filter>
    </ClCompile>
    <ClCompile Include="RBM\RBMParamator.cpp">
      <Filter>ソース ファイル\RBM</Filter>
    </ClCompile>
    <ClCompile Include="RBM\RBMSampler.cpp">
      <Filter>ソース ファイル\RBM</Filter>
    </ClCompile>
    <ClCompile Include="RBM\RBMTrainer.cpp">
      <Filter>ソース ファイル\RBM</Filter>
    </ClCompile>
  </ItemGroup>
</Project>