
Microsoft Visual Studio Solution File, Format Version 12.00
# Visual Studio 15
VisualStudioVersion = 15.0.26430.13
MinimumVisualStudioVersion = 10.0.40219.1
Project("{8BC9CEB8-8B4A-11D0-8D11-00A0C91BC942}") = "RBM", "RBM\RBM.vcxproj", "{C54A46F8-7924-49A3-97C2-C059F6FA92A1}"
EndProject
Project("{8BC9CEB8-8B4A-11D0-8D11-00A0C91BC942}") = "RBMRun", "RBMRun\RBMRun.vcxproj", "{9BE8DD57-7F83-406B-AD8C-64F439187B4E}"
EndProject
Project("{8BC9CEB8-8B4A-11D0-8D11-00A0C91BC942}") = "ConditionalRBM", "ConditionalRBM\ConditionalRBM.vcxproj", "{1ABA1953-BD57-4F50-A1DE-9B83C0C9C426}"
EndProject
Project("{2150E333-8FDC-42A3-9474-1A3956D46DE8}") = "bin", "bin", "{3A4A7D63-9A1F-42C9-AFD0-3D5E3C3900F8}"
EndProject
Project("{2150E333-8FDC-42A3-9474-1A3956D46DE8}") = "lib", "lib", "{4BD70D7C-D6DE-4458-8359-023846464641}"
EndProject
Project("{8BC9CEB8-8B4A-11D0-8D11-00A0C91BC942}") = "img_gen", "img_gen\img_gen.vcxproj", "{FD32413F-EDA9-439C-9FB1-A9F860561D3B}"
EndProject
Global
	GlobalSection(SolutionConfigurationPlatforms) = preSolution
		Debug|x64 = Debug|x64
		Debug|x86 = Debug|x86
		Release|x64 = Release|x64
		Release|x86 = Release|x86
	EndGlobalSection
	GlobalSection(ProjectConfigurationPlatforms) = postSolution
		{C54A46F8-7924-49A3-97C2-C059F6FA92A1}.Debug|x64.ActiveCfg = Debug|x64
		{C54A46F8-7924-49A3-97C2-C059F6FA92A1}.Debug|x64.Build.0 = Debug|x64
		{C54A46F8-7924-49A3-97C2-C059F6FA92A1}.Debug|x86.ActiveCfg = Debug|Win32
		{C54A46F8-7924-49A3-97C2-C059F6FA92A1}.Debug|x86.Build.0 = Debug|Win32
		{C54A46F8-7924-49A3-97C2-C059F6FA92A1}.Release|x64.ActiveCfg = Release|x64
		{C54A46F8-7924-49A3-97C2-C059F6FA92A1}.Release|x64.Build.0 = Release|x64
		{C54A46F8-7924-49A3-97C2-C059F6FA92A1}.Release|x86.ActiveCfg = Release|Win32
		{C54A46F8-7924-49A3-97C2-C059F6FA92A1}.Release|x86.Build.0 = Release|Win32
		{9BE8DD57-7F83-406B-AD8C-64F439187B4E}.Debug|x64.ActiveCfg = Debug|x64
		{9BE8DD57-7F83-406B-AD8C-64F439187B4E}.Debug|x64.Build.0 = Debug|x64
		{9BE8DD57-7F83-406B-AD8C-64F439187B4E}.Debug|x86.ActiveCfg = Debug|Win32
		{9BE8DD57-7F83-406B-AD8C-64F439187B4E}.Debug|x86.Build.0 = Debug|Win32
		{9BE8DD57-7F83-406B-AD8C-64F439187B4E}.Release|x64.ActiveCfg = Release|x64
		{9BE8DD57-7F83-406B-AD8C-64F439187B4E}.Release|x64.Build.0 = Release|x64
		{9BE8DD57-7F83-406B-AD8C-64F439187B4E}.Release|x86.ActiveCfg = Release|Win32
		{9BE8DD57-7F83-406B-AD8C-64F439187B4E}.Release|x86.Build.0 = Release|Win32
		{1ABA1953-BD57-4F50-A1DE-9B83C0C9C426}.Debug|x64.ActiveCfg = Debug|x64
		{1ABA1953-BD57-4F50-A1DE-9B83C0C9C426}.Debug|x64.Build.0 = Debug|x64
		{1ABA1953-BD57-4F50-A1DE-9B83C0C9C426}.Debug|x86.ActiveCfg = Debug|Win32
		{1ABA1953-BD57-4F50-A1DE-9B83C0C9C426}.Debug|x86.Build.0 = Debug|Win32
		{1ABA1953-BD57-4F50-A1DE-9B83C0C9C426}.Release|x64.ActiveCfg = Release|x64
		{1ABA1953-BD57-4F50-A1DE-9B83C0C9C426}.Release|x64.Build.0 = Release|x64
		{1ABA1953-BD57-4F50-A1DE-9B83C0C9C426}.Release|x86.ActiveCfg = Release|Win32
		{1ABA1953-BD57-4F50-A1DE-9B83C0C9C426}.Release|x86.Build.0 = Release|Win32
		{FD32413F-EDA9-439C-9FB1-A9F860561D3B}.Debug|x64.ActiveCfg = Debug|x64
		{FD32413F-EDA9-439C-9FB1-A9F860561D3B}.Debug|x64.Build.0 = Debug|x64
		{FD32413F-EDA9-439C-9FB1-A9F860561D3B}.Debug|x86.ActiveCfg = Debug|Win32
		{FD32413F-EDA9-439C-9FB1-A9F860561D3B}.Debug|x86.Build.0 = Debug|Win32
		{FD32413F-EDA9-439C-9FB1-A9F860561D3B}.Release|x64.ActiveCfg = Release|x64
		{FD32413F-EDA9-439C-9FB1-A9F860561D3B}.Release|x64.Build.0 = Release|x64
		{FD32413F-EDA9-439C-9FB1-A9F860561D3B}.Release|x86.ActiveCfg = Release|Win32
		{FD32413F-EDA9-439C-9FB1-A9F860561D3B}.Release|x86.Build.0 = Release|Win32
	EndGlobalSection
	GlobalSection(SolutionProperties) = preSolution
		HideSolutionNode = FALSE
	EndGlobalSection
	GlobalSection(NestedProjects) = preSolution
		{C54A46F8-7924-49A3-97C2-C059F6FA92A1} = {4BD70D7C-D6DE-4458-8359-023846464641}
		{9BE8DD57-7F83-406B-AD8C-64F439187B4E} = {3A4A7D63-9A1F-42C9-AFD0-3D5E3C3900F8}
		{1ABA1953-BD57-4F50-A1DE-9B83C0C9C426} = {4BD70D7C-D6DE-4458-8359-023846464641}
		{FD32413F-EDA9-439C-9FB1-A9F860561D3B} = {3A4A7D63-9A1F-42C9-AFD0-3D5E3C3900F8}
	EndGlobalSection
EndGlobal
