<?xml version="1.0" encoding="utf-8"?>
<Project ToolsVersion="4.0" xmlns="http://schemas.microsoft.com/developer/msbuild/2003">
  <ItemGroup>
    <Filter Include="ソース ファイル">
      <UniqueIdentifier>{4FC737F1-C7A5-4376-A066-2A32D752A2FF}</UniqueIdentifier>
      <Extensions>cpp;c;cc;cxx;def;odl;idl;hpj;bat;asm;asmx</Extensions>
    </Filter>
    <Filter Include="ヘッダー ファイル">
      <UniqueIdentifier>{93995380-89BD-4b04-88EB-625FBE52EBFB}</UniqueIdentifier>
      <Extensions>h;hh;hpp;hxx;hm;inl;inc;xsd</Extensions>
    </Filter>
    <Filter Include="リソース ファイル">
      <UniqueIdentifier>{67DA6AB6-F800-4c08-8B7A-83BB121AAD01}</UniqueIdentifier>
      <Extensions>rc;ico;cur;bmp;dlg;rc2;rct;bin;rgs;gif;jpg;jpeg;jpe;resx;tiff;tif;png;wav;mfcribbon-ms</Extensions>
    </Filter>
    <Filter Include="ヘッダー ファイル\libs">
      <UniqueIdentifier>{c9125ca8-5914-48e4-9732-af68a23ad89d}</UniqueIdentifier>
    </Filter>
    <Filter Include="ヘッダー ファイル\crbmlibs">
      <UniqueIdentifier>{349bde3d-4471-4e2c-af27-7eb428c57b8e}</UniqueIdentifier>
    </Filter>
  </ItemGroup>
  <ItemGroup>
    <ClInclude Include="Train.h">
      <Filter>ヘッダー ファイル</Filter>
    </ClInclude>
    <ClInclude Include="..\RBM\GeneralizedRBM.h">
      <Filter>ヘッダー ファイル\libs</Filter>
    </ClInclude>
    <ClInclude Include="..\RBM\GeneralizedRBMNode.h">
      <Filter>ヘッダー ファイル\libs</Filter>
    </ClInclude>
    <ClInclude Include="..\RBM\GeneralizedRBMParamator.h">
      <Filter>ヘッダー ファイル\libs</Filter>
    </ClInclude>
    <ClInclude Include="..\RBM\GeneralizedRBMSampler.h">
      <Filter>ヘッダー ファイル\libs</Filter>
    </ClInclude>
    <ClInclude Include="..\RBM\GeneralizedRBMTrainer.h">
      <Filter>ヘッダー ファイル\libs</Filter>
    </ClInclude>
    <ClInclude Include="..\RBM\RBM.h">
      <Filter>ヘッダー ファイル\libs</Filter>
    </ClInclude>
    <ClInclude Include="..\RBM\RBMBase.h">
      <Filter>ヘッダー ファイル\libs</Filter>
    </ClInclude>
    <ClInclude Include="..\RBM\RBMMath.h">
      <Filter>ヘッダー ファイル\libs</Filter>
    </ClInclude>
    <ClInclude Include="..\RBM\RBMNode.h">
      <Filter>ヘッダー ファイル\libs</Filter>
    </ClInclude>
    <ClInclude Include="..\RBM\RBMNodeBase.h">
      <Filter>ヘッダー ファイル\libs</Filter>
    </ClInclude>
    <ClInclude Include="..\RBM\RBMParamator.h">
      <Filter>ヘッダー ファイル\libs</Filter>
    </ClInclude>
    <ClInclude Include="..\RBM\RBMParamatorBase.h">
      <Filter>ヘッダー ファイル\libs</Filter>
    </ClInclude>
    <ClInclude Include="..\RBM\RBMSampler.h">
      <Filter>ヘッダー ファイル\libs</Filter>
    </ClInclude>
    <ClInclude Include="..\RBM\RBMSamplerBase.h">
      <Filter>ヘッダー ファイル\libs</Filter>
    </ClInclude>
    <ClInclude Include="..\RBM\RBMTrainer.h">
      <Filter>ヘッダー ファイル\libs</Filter>
    </ClInclude>
    <ClInclude Include="..\RBM\RBMTrainerBase.h">
      <Filter>ヘッダー ファイル\libs</Filter>
    </ClInclude>
    <ClInclude Include="..\RBM\GBRBM.h">
      <Filter>ヘッダー ファイル\libs</Filter>
    </ClInclude>
    <ClInclude Include="..\RBM\GBRBMNode.h">
      <Filter>ヘッダー ファイル\libs</Filter>
    </ClInclude>
    <ClInclude Include="..\RBM\GBRBMParamator.h">
      <Filter>ヘッダー ファイル\libs</Filter>
    </ClInclude>
    <ClInclude Include="..\RBM\GBRBMSampler.h">
      <Filter>ヘッダー ファイル\libs</Filter>
    </ClInclude>
    <ClInclude Include="..\RBM\GBRBMTrainer.h">
      <Filter>ヘッダー ファイル\libs</Filter>
    </ClInclude>
    <ClInclude Include="..\RBM\GeneralizedGRBM.h">
      <Filter>ヘッダー ファイル\libs</Filter>
    </ClInclude>
    <ClInclude Include="..\RBM\GeneralizedGRBMNode.h">
      <Filter>ヘッダー ファイル\libs</Filter>
    </ClInclude>
    <ClInclude Include="..\RBM\GeneralizedGRBMParamator.h">
      <Filter>ヘッダー ファイル\libs</Filter>
    </ClInclude>
    <ClInclude Include="..\RBM\GeneralizedGRBMSampler.h">
      <Filter>ヘッダー ファイル\libs</Filter>
    </ClInclude>
    <ClInclude Include="..\RBM\GeneralizedGRBMTrainer.h">
      <Filter>ヘッダー ファイル\libs</Filter>
    </ClInclude>
    <ClInclude Include="..\ConditionalRBM\ConditionalGRBM.h">
      <Filter>ヘッダー ファイル\crbmlibs</Filter>
    </ClInclude>
    <ClInclude Include="..\ConditionalRBM\ConditionalGRBMNode.h">
      <Filter>ヘッダー ファイル\crbmlibs</Filter>
    </ClInclude>
    <ClInclude Include="..\ConditionalRBM\ConditionalGRBMParamator.h">
      <Filter>ヘッダー ファイル\crbmlibs</Filter>
    </ClInclude>
    <ClInclude Include="..\ConditionalRBM\ConditionalGRBMSampler.h">
      <Filter>ヘッダー ファイル\crbmlibs</Filter>
    </ClInclude>
    <ClInclude Include="..\ConditionalRBM\ConditionalGRBMTrainer.h">
      <Filter>ヘッダー ファイル\crbmlibs</Filter>
    </ClInclude>
    <ClInclude Include="..\ConditionalRBM\ConditionalRBM.h">
      <Filter>ヘッダー ファイル\crbmlibs</Filter>
    </ClInclude>
    <ClInclude Include="..\ConditionalRBM\ConditionalRBMBase.h">
      <Filter>ヘッダー ファイル\crbmlibs</Filter>
    </ClInclude>
    <ClInclude Include="..\ConditionalRBM\ConditionalRBMMath.h">
      <Filter>ヘッダー ファイル\crbmlibs</Filter>
    </ClInclude>
    <ClInclude Include="..\ConditionalRBM\ConditionalRBMNode.h">
      <Filter>ヘッダー ファイル\crbmlibs</Filter>
    </ClInclude>
    <ClInclude Include="..\ConditionalRBM\ConditionalRBMNodeBase.h">
      <Filter>ヘッダー ファイル\crbmlibs</Filter>
    </ClInclude>
    <ClInclude Include="..\ConditionalRBM\ConditionalRBMParamator.h">
      <Filter>ヘッダー ファイル\crbmlibs</Filter>
    </ClInclude>
    <ClInclude Include="..\ConditionalRBM\ConditionalRBMParamatorBase.h">
      <Filter>ヘッダー ファイル\crbmlibs</Filter>
    </ClInclude>
    <ClInclude Include="..\ConditionalRBM\ConditionalRBMSampler.h">
      <Filter>ヘッダー ファイル\crbmlibs</Filter>
    </ClInclude>
    <ClInclude Include="..\ConditionalRBM\ConditionalRBMSamplerBase.h">
      <Filter>ヘッダー ファイル\crbmlibs</Filter>
    </ClInclude>
    <ClInclude Include="..\ConditionalRBM\ConditionalRBMTrainer.h">
      <Filter>ヘッダー ファイル\crbmlibs</Filter>
    </ClInclude>
    <ClInclude Include="..\ConditionalRBM\ConditionalRBMTrainerBase.h">
      <Filter>ヘッダー ファイル\crbmlibs</Filter>
    </ClInclude>
  </ItemGroup>
  <ItemGroup>
    <ClCompile Include="Source.cpp">
      <Filter>ソース ファイル</Filter>
    </ClCompile>
  </ItemGroup>
</Project>